{
  "name": "o2o-owner",
  "version": "0.1.0",
  "lockfileVersion": 3,
  "requires": true,
  "packages": {
    "": {
      "name": "o2o-owner",
      "version": "0.1.0",
      "dependencies": {
        "@radix-ui/react-slot": "^1.2.2",
        "@tailwindcss/postcss": "^4.1.5",
        "class-variance-authority": "^0.7.1",
        "clsx": "^2.1.1",
        "ky": "^1.8.1",
        "lucide-react": "^0.508.0",
        "next": "15.3.1",
        "o2o-owner": "file:",
        "postcss": "^8.5.3",
        "react": "^19.0.0",
        "react-dom": "^19.0.0",
        "tailwind-merge": "^3.2.0",
        "tailwindcss": "^4.1.5",
        "use-form-light": "^1.2.0",
        "zustand": "^5.0.3"
      },
      "devDependencies": {
        "@testing-library/dom": "^10.4.0",
        "@testing-library/react": "^16.3.0",
        "@types/node": "^20",
        "@types/react": "^19",
        "@types/react-dom": "^19",
        "@types/webpack-env": "^1.18.8",
        "@vitejs/plugin-react": "^4.4.1",
        "@vitest/coverage-v8": "^3.1.3",
        "jsdom": "^26.1.0",
        "msw": "^2.7.5",
        "ts-node": "^10.9.2",
        "tw-animate-css": "^1.2.9",
        "typescript": "^5.8.3",
        "vite-tsconfig-paths": "^5.1.4",
        "vitest": "^3.1.3"
      }
    },
    "../../node_modules/.pnpm/@radix-ui+react-slot@1.2.2_@types+react@19.1.3_react@19.1.0/node_modules/@radix-ui/react-slot": {
      "version": "1.2.2",
      "license": "MIT",
      "dependencies": {
        "@radix-ui/react-compose-refs": "1.1.2"
      },
      "devDependencies": {
        "@repo/builder": "0.0.0",
        "@repo/eslint-config": "0.0.0",
        "@repo/typescript-config": "0.0.0",
        "@types/react": "^19.0.7",
        "@types/react-dom": "^19.0.3",
        "eslint": "^9.18.0",
        "react": "^19.1.0",
        "react-dom": "^19.1.0",
        "typescript": "^5.7.3"
      },
      "peerDependencies": {
        "@types/react": "*",
        "react": "^16.8 || ^17.0 || ^18.0 || ^19.0 || ^19.0.0-rc"
      },
      "peerDependenciesMeta": {
        "@types/react": {
          "optional": true
        }
      }
    },
    "../../node_modules/.pnpm/@tailwindcss+postcss@4.1.5/node_modules/@tailwindcss/postcss": {
      "version": "4.1.5",
      "license": "MIT",
      "dependencies": {
        "@alloc/quick-lru": "^5.2.0",
        "@tailwindcss/node": "4.1.5",
        "@tailwindcss/oxide": "4.1.5",
        "postcss": "^8.4.41",
        "tailwindcss": "4.1.5"
      },
      "devDependencies": {
        "@types/node": "^20.14.8",
        "@types/postcss-import": "14.0.3",
        "dedent": "1.5.3",
        "internal-example-plugin": "0.0.0",
        "postcss-import": "^16.1.0"
      }
    },
    "../../node_modules/.pnpm/@testing-library+dom@10.4.0/node_modules/@testing-library/dom": {
      "version": "10.4.0",
      "dev": true,
      "license": "MIT",
      "dependencies": {
        "@babel/code-frame": "^7.10.4",
        "@babel/runtime": "^7.12.5",
        "@types/aria-query": "^5.0.1",
        "aria-query": "5.3.0",
        "chalk": "^4.1.0",
        "dom-accessibility-api": "^0.5.9",
        "lz-string": "^1.5.0",
        "pretty-format": "^27.0.2"
      },
      "devDependencies": {
        "@testing-library/jest-dom": "^5.11.6",
        "browserslist": "4.21.8",
        "caniuse-lite": "1.0.30001502",
        "jest-in-case": "^1.0.2",
        "jest-snapshot-serializer-ansi": "^1.0.0",
        "jest-watch-select-projects": "^2.0.0",
        "jsdom": "20.0.0",
        "kcd-scripts": "^13.0.0",
        "typescript": "^4.1.2"
      },
      "engines": {
        "node": ">=18"
      }
    },
    "../../node_modules/.pnpm/@testing-library+react@16.3_a5db6ee88d42d87fe6a93bfd7900cad7/node_modules/@testing-library/react": {
      "version": "16.3.0",
      "dev": true,
      "license": "MIT",
      "dependencies": {
        "@babel/runtime": "^7.12.5"
      },
      "devDependencies": {
        "@testing-library/dom": "^10.0.0",
        "@testing-library/jest-dom": "^5.11.6",
        "@types/react": "^19.0.0",
        "@types/react-dom": "^19.0.0",
        "chalk": "^4.1.2",
        "dotenv-cli": "^4.0.0",
        "jest-diff": "^29.7.0",
        "kcd-scripts": "^13.0.0",
        "npm-run-all": "^4.1.5",
        "react": "^19.0.0",
        "react-dom": "^19.0.0",
        "rimraf": "^3.0.2",
        "typescript": "^4.1.2"
      },
      "engines": {
        "node": ">=18"
      },
      "peerDependencies": {
        "@testing-library/dom": "^10.0.0",
        "@types/react": "^18.0.0 || ^19.0.0",
        "@types/react-dom": "^18.0.0 || ^19.0.0",
        "react": "^18.0.0 || ^19.0.0",
        "react-dom": "^18.0.0 || ^19.0.0"
      },
      "peerDependenciesMeta": {
        "@types/react": {
          "optional": true
        },
        "@types/react-dom": {
          "optional": true
        }
      }
    },
    "../../node_modules/.pnpm/@types+node@20.17.43/node_modules/@types/node": {
      "version": "20.17.43",
      "dev": true,
      "license": "MIT",
      "dependencies": {
        "undici-types": "~6.19.2"
      }
    },
    "../../node_modules/.pnpm/@types+react-dom@19.1.3_@types+react@19.1.3/node_modules/@types/react-dom": {
      "version": "19.1.3",
      "dev": true,
      "license": "MIT",
      "peerDependencies": {
        "@types/react": "^19.0.0"
      }
    },
    "../../node_modules/.pnpm/@types+react@19.1.3/node_modules/@types/react": {
      "version": "19.1.3",
      "dev": true,
      "license": "MIT",
      "dependencies": {
        "csstype": "^3.0.2"
      }
    },
    "../../node_modules/.pnpm/@types+webpack-env@1.18.8/node_modules/@types/webpack-env": {
      "version": "1.18.8",
      "dev": true,
      "license": "MIT"
    },
    "../../node_modules/.pnpm/@vitejs+plugin-react@4.4.1__c5c11f50a9d432d5c418e99ebce18c8e/node_modules/@vitejs/plugin-react": {
      "version": "4.4.1",
      "dev": true,
      "license": "MIT",
      "dependencies": {
        "@babel/core": "^7.26.10",
        "@babel/plugin-transform-react-jsx-self": "^7.25.9",
        "@babel/plugin-transform-react-jsx-source": "^7.25.9",
        "@types/babel__core": "^7.20.5",
        "react-refresh": "^0.17.0"
      },
      "devDependencies": {
        "@vitejs/react-common": "workspace:*",
        "unbuild": "^3.5.0"
      },
      "engines": {
        "node": "^14.18.0 || >=16.0.0"
      },
      "peerDependencies": {
        "vite": "^4.2.0 || ^5.0.0 || ^6.0.0"
      }
    },
    "../../node_modules/.pnpm/@vitest+coverage-v8@3.1.3_v_6b9f177e42ece04a7afa5373074c49bd/node_modules/@vitest/coverage-v8": {
      "version": "3.1.3",
      "dev": true,
      "license": "MIT",
      "dependencies": {
        "@ampproject/remapping": "^2.3.0",
        "@bcoe/v8-coverage": "^1.0.2",
        "debug": "^4.4.0",
        "istanbul-lib-coverage": "^3.2.2",
        "istanbul-lib-report": "^3.0.1",
        "istanbul-lib-source-maps": "^5.0.6",
        "istanbul-reports": "^3.1.7",
        "magic-string": "^0.30.17",
        "magicast": "^0.3.5",
        "std-env": "^3.9.0",
        "test-exclude": "^7.0.1",
        "tinyrainbow": "^2.0.0"
      },
      "devDependencies": {
        "@types/debug": "^4.1.12",
        "@types/istanbul-lib-coverage": "^2.0.6",
        "@types/istanbul-lib-report": "^3.0.3",
        "@types/istanbul-lib-source-maps": "^4.0.4",
        "@types/istanbul-reports": "^3.0.4",
        "@types/test-exclude": "^6.0.2",
        "@vitest/browser": "3.1.3",
        "pathe": "^2.0.3",
        "v8-to-istanbul": "^9.3.0",
        "vite-node": "3.1.3",
        "vitest": "3.1.3"
      },
      "funding": {
        "url": "https://opencollective.com/vitest"
      },
      "peerDependencies": {
        "@vitest/browser": "3.1.3",
        "vitest": "3.1.3"
      },
      "peerDependenciesMeta": {
        "@vitest/browser": {
          "optional": true
        }
      }
    },
    "../../node_modules/.pnpm/class-variance-authority@0.7.1/node_modules/class-variance-authority": {
      "version": "0.7.1",
      "license": "Apache-2.0",
      "dependencies": {
        "clsx": "^2.1.1"
      },
      "devDependencies": {
        "@swc/cli": "0.3.12",
        "@swc/core": "1.4.16",
        "@types/node": "20.12.7",
        "@types/react": "18.2.79",
        "@types/react-dom": "18.2.25",
        "bundlesize": "0.18.2",
        "npm-run-all": "4.1.5",
        "react": "18.2.0",
        "react-dom": "18.2.0",
        "ts-node": "10.9.2",
        "typescript": "5.4.5"
      },
      "funding": {
        "url": "https://polar.sh/cva"
      }
    },
    "../../node_modules/.pnpm/clsx@2.1.1/node_modules/clsx": {
      "version": "2.1.1",
      "license": "MIT",
      "devDependencies": {
        "esm": "3.2.25",
        "terser": "4.8.0",
        "uvu": "0.5.4"
      },
      "engines": {
        "node": ">=6"
      }
    },
    "../../node_modules/.pnpm/jsdom@26.1.0/node_modules/jsdom": {
      "version": "26.1.0",
      "dev": true,
      "license": "MIT",
      "dependencies": {
        "cssstyle": "^4.2.1",
        "data-urls": "^5.0.0",
        "decimal.js": "^10.5.0",
        "html-encoding-sniffer": "^4.0.0",
        "http-proxy-agent": "^7.0.2",
        "https-proxy-agent": "^7.0.6",
        "is-potential-custom-element-name": "^1.0.1",
        "nwsapi": "^2.2.16",
        "parse5": "^7.2.1",
        "rrweb-cssom": "^0.8.0",
        "saxes": "^6.0.0",
        "symbol-tree": "^3.2.4",
        "tough-cookie": "^5.1.1",
        "w3c-xmlserializer": "^5.0.0",
        "webidl-conversions": "^7.0.0",
        "whatwg-encoding": "^3.1.1",
        "whatwg-mimetype": "^4.0.0",
        "whatwg-url": "^14.1.1",
        "ws": "^8.18.0",
        "xml-name-validator": "^5.0.0"
      },
      "devDependencies": {
        "@domenic/eslint-config": "^4.0.1",
        "benchmark": "^2.1.4",
        "eslint": "^9.20.0",
        "eslint-plugin-html": "^8.1.2",
        "globals": "^15.14.0",
        "js-yaml": "^4.1.0",
        "minimatch": "^9.0.5",
        "mocha": "^11.1.0",
        "mocha-sugar-free": "^1.4.0",
        "pngjs": "^7.0.0",
        "server-destroy": "^1.0.1",
        "webidl2js": "^18.0.0",
        "yargs": "^17.7.2"
      },
      "engines": {
        "node": ">=18"
      },
      "peerDependencies": {
        "canvas": "^3.0.0"
      },
      "peerDependenciesMeta": {
        "canvas": {
          "optional": true
        }
      }
    },
    "../../node_modules/.pnpm/ky@1.8.1/node_modules/ky": {
      "version": "1.8.1",
      "license": "MIT",
      "devDependencies": {
        "@sindresorhus/tsconfig": "^6.0.0",
        "@type-challenges/utils": "^0.1.1",
        "@types/body-parser": "^1.19.2",
        "@types/busboy": "^1.5.0",
        "@types/express": "^4.17.17",
        "@types/node": "^20.14.12",
        "ava": "^5.3.1",
        "body-parser": "^1.20.2",
        "busboy": "^1.6.0",
        "del-cli": "^5.1.0",
        "delay": "^6.0.0",
        "expect-type": "^0.19.0",
        "express": "^4.18.2",
        "jest-leak-detector": "^29.7.0",
        "pify": "^6.1.0",
        "playwright": "^1.45.3",
        "raw-body": "^2.5.2",
        "tsx": "^4.16.2",
        "typescript": "^5.5.4",
        "xo": "^0.58.0"
      },
      "engines": {
        "node": ">=18"
      },
      "funding": {
        "url": "https://github.com/sindresorhus/ky?sponsor=1"
      }
    },
    "../../node_modules/.pnpm/lucide-react@0.508.0_react@19.1.0/node_modules/lucide-react": {
      "version": "0.508.0",
      "license": "ISC",
      "devDependencies": {
        "@lucide/build-icons": "1.1.0",
        "@lucide/rollup-plugins": "1.0.0",
        "@lucide/shared": "1.0.0",
        "@testing-library/jest-dom": "^6.1.6",
        "@testing-library/react": "^14.1.2",
        "@types/react": "^18.2.37",
        "@vitejs/plugin-react": "^4.3.4",
        "jest-serializer-html": "^7.1.0",
        "react": "18.2.0",
        "react-dom": "18.2.0",
        "rollup": "^4.22.4",
        "rollup-plugin-dts": "^6.1.0",
        "rollup-plugin-preserve-directives": "^0.4.0",
        "typescript": "^5.8.3",
        "vite": "^6.3.2",
        "vitest": "^3.1.2"
      },
      "peerDependencies": {
        "react": "^16.5.1 || ^17.0.0 || ^18.0.0 || ^19.0.0"
      }
    },
    "../../node_modules/.pnpm/msw@2.7.6_@types+node@20.17.43_typescript@5.8.3/node_modules/msw": {
      "version": "2.7.6",
      "dev": true,
      "hasInstallScript": true,
      "license": "MIT",
      "dependencies": {
        "@bundled-es-modules/cookie": "^2.0.1",
        "@bundled-es-modules/statuses": "^1.0.1",
        "@bundled-es-modules/tough-cookie": "^0.1.6",
        "@inquirer/confirm": "^5.0.0",
        "@mswjs/interceptors": "^0.37.0",
        "@open-draft/deferred-promise": "^2.2.0",
        "@open-draft/until": "^2.1.0",
        "@types/cookie": "^0.6.0",
        "@types/statuses": "^2.0.4",
        "graphql": "^16.8.1",
        "headers-polyfill": "^4.0.2",
        "is-node-process": "^1.2.0",
        "outvariant": "^1.4.3",
        "path-to-regexp": "^6.3.0",
        "picocolors": "^1.1.1",
        "strict-event-emitter": "^0.5.1",
        "type-fest": "^4.26.1",
        "yargs": "^17.7.2"
      },
      "bin": {
        "msw": "cli/index.js"
      },
      "devDependencies": {
        "@commitlint/cli": "^18.4.4",
        "@commitlint/config-conventional": "^18.4.4",
        "@fastify/websocket": "^8.3.1",
        "@open-draft/test-server": "^0.4.2",
        "@ossjs/release": "^0.8.1",
        "@playwright/test": "^1.48.0",
        "@types/express": "^4.17.21",
        "@types/json-bigint": "^1.0.4",
        "@types/node": "~18.19.28",
        "@typescript-eslint/eslint-plugin": "^8.8.1",
        "@typescript-eslint/parser": "^8.8.1",
        "@web/dev-server": "^0.4.6",
        "axios": "^1.7.7",
        "babel-minify": "^0.5.1",
        "commitizen": "^4.3.1",
        "cross-env": "^7.0.3",
        "cross-fetch": "^4.0.0",
        "cz-conventional-changelog": "3.3.0",
        "esbuild": "^0.24.0",
        "esbuild-loader": "^4.2.2",
        "eslint": "^8.57.0",
        "eslint-config-prettier": "^9.1.0",
        "eslint-plugin-prettier": "^5.2.1",
        "express": "^5.0.0",
        "fastify": "^4.26.0",
        "fs-teardown": "^0.3.0",
        "glob": "^11.0.0",
        "jsdom": "^25.0.1",
        "json-bigint": "^1.0.0",
        "knip": "^5.51.1",
        "lint-staged": "^15.2.10",
        "page-with": "^0.6.1",
        "prettier": "^3.4.2",
        "regenerator-runtime": "^0.14.1",
        "rimraf": "^6.0.1",
        "simple-git-hooks": "^2.9.0",
        "tsup": "^8.3.0",
        "typescript": "^5.5.2",
        "undici": "^6.20.0",
        "url-loader": "^4.1.1",
        "vitest": "^2.1.8",
        "vitest-environment-miniflare": "^2.14.4",
        "webpack": "^5.95.0",
        "webpack-http-server": "^0.5.0"
      },
      "engines": {
        "node": ">=18"
      },
      "funding": {
        "url": "https://github.com/sponsors/mswjs"
      },
      "peerDependencies": {
        "typescript": ">= 4.8.x"
      },
      "peerDependenciesMeta": {
        "typescript": {
          "optional": true
        }
      }
    },
    "../../node_modules/.pnpm/next@15.3.1_@babel+core@7.2_fa10c63f8c3959e67583cacd37f87556/node_modules/next": {
      "version": "15.3.1",
      "license": "MIT",
      "dependencies": {
        "@next/env": "15.3.1",
        "@swc/counter": "0.1.3",
        "@swc/helpers": "0.5.15",
        "busboy": "1.6.0",
        "caniuse-lite": "^1.0.30001579",
        "postcss": "8.4.31",
        "styled-jsx": "5.1.6"
      },
      "bin": {
        "next": "dist/bin/next"
      },
      "devDependencies": {
        "@ampproject/toolbox-optimizer": "2.8.3",
        "@babel/code-frame": "7.22.5",
        "@babel/core": "7.22.5",
        "@babel/eslint-parser": "7.22.5",
        "@babel/generator": "7.22.5",
        "@babel/plugin-proposal-class-properties": "7.18.6",
        "@babel/plugin-proposal-export-namespace-from": "7.18.9",
        "@babel/plugin-proposal-numeric-separator": "7.18.6",
        "@babel/plugin-proposal-object-rest-spread": "7.20.7",
        "@babel/plugin-syntax-bigint": "7.8.3",
        "@babel/plugin-syntax-dynamic-import": "7.8.3",
        "@babel/plugin-syntax-import-attributes": "7.22.5",
        "@babel/plugin-syntax-jsx": "7.22.5",
        "@babel/plugin-transform-modules-commonjs": "7.22.5",
        "@babel/plugin-transform-runtime": "7.22.5",
        "@babel/preset-env": "7.22.5",
        "@babel/preset-react": "7.22.5",
        "@babel/preset-typescript": "7.22.5",
        "@babel/runtime": "7.22.5",
        "@babel/traverse": "7.22.5",
        "@babel/types": "7.22.5",
        "@capsizecss/metrics": "3.4.0",
        "@edge-runtime/cookies": "6.0.0",
        "@edge-runtime/ponyfill": "4.0.0",
        "@edge-runtime/primitives": "6.0.0",
        "@hapi/accept": "5.0.2",
        "@jest/transform": "29.5.0",
        "@jest/types": "29.5.0",
        "@mswjs/interceptors": "0.23.0",
        "@napi-rs/triples": "1.2.0",
        "@next/font": "15.3.1",
        "@next/polyfill-module": "15.3.1",
        "@next/polyfill-nomodule": "15.3.1",
        "@next/react-refresh-utils": "15.3.1",
        "@next/swc": "15.3.1",
        "@opentelemetry/api": "1.6.0",
        "@playwright/test": "1.41.2",
        "@storybook/addon-a11y": "8.6.0",
        "@storybook/addon-essentials": "8.6.0",
        "@storybook/addon-interactions": "8.6.0",
        "@storybook/addon-webpack5-compiler-swc": "1.0.5",
        "@storybook/blocks": "8.6.0",
        "@storybook/react": "8.6.0",
        "@storybook/react-webpack5": "8.6.0",
        "@storybook/test": "8.6.0",
        "@storybook/test-runner": "0.21.0",
        "@swc/core": "1.9.3",
        "@swc/types": "0.1.7",
        "@taskr/clear": "1.1.0",
        "@taskr/esnext": "1.1.0",
        "@types/amphtml-validator": "1.0.0",
        "@types/babel__code-frame": "7.0.2",
        "@types/babel__core": "7.1.12",
        "@types/babel__generator": "7.6.2",
        "@types/babel__template": "7.4.0",
        "@types/babel__traverse": "7.11.0",
        "@types/bytes": "3.1.1",
        "@types/ci-info": "2.0.0",
        "@types/compression": "0.0.36",
        "@types/content-disposition": "0.5.4",
        "@types/content-type": "1.1.3",
        "@types/cookie": "0.3.3",
        "@types/cross-spawn": "6.0.0",
        "@types/debug": "4.1.5",
        "@types/express-serve-static-core": "4.17.33",
        "@types/fresh": "0.5.0",
        "@types/glob": "7.1.1",
        "@types/jsonwebtoken": "9.0.0",
        "@types/lodash": "4.14.198",
        "@types/lodash.curry": "4.1.6",
        "@types/path-to-regexp": "1.7.0",
        "@types/picomatch": "2.3.3",
        "@types/platform": "1.3.4",
        "@types/react": "19.0.8",
        "@types/react-dom": "19.0.3",
        "@types/react-is": "18.2.4",
        "@types/semver": "7.3.1",
        "@types/send": "0.14.4",
        "@types/shell-quote": "1.7.1",
        "@types/tar": "6.1.5",
        "@types/text-table": "0.2.1",
        "@types/ua-parser-js": "0.7.36",
        "@types/webpack-sources1": "npm:@types/webpack-sources@0.1.5",
        "@types/ws": "8.2.0",
        "@typescript/vfs": "1.6.1",
        "@vercel/ncc": "0.34.0",
        "@vercel/nft": "0.27.1",
        "@vercel/turbopack-ecmascript-runtime": "*",
        "acorn": "8.14.0",
        "amphtml-validator": "1.0.38",
        "anser": "1.4.9",
        "arg": "4.1.0",
        "assert": "2.0.0",
        "async-retry": "1.2.3",
        "async-sema": "3.0.0",
        "axe-playwright": "2.0.3",
        "babel-plugin-react-compiler": "19.0.0-beta-e552027-20250112",
        "babel-plugin-transform-define": "2.0.0",
        "babel-plugin-transform-react-remove-prop-types": "0.4.24",
        "browserify-zlib": "0.2.0",
        "browserslist": "4.22.2",
        "buffer": "5.6.0",
        "bytes": "3.1.1",
        "ci-info": "watson/ci-info#f43f6a1cefff47fb361c88cf4b943fdbcaafe540",
        "cli-select": "1.1.2",
        "client-only": "0.0.1",
        "commander": "12.1.0",
        "comment-json": "3.0.3",
        "compression": "1.7.4",
        "conf": "5.0.0",
        "constants-browserify": "1.0.0",
        "content-disposition": "0.5.3",
        "content-type": "1.0.4",
        "cookie": "0.4.1",
        "cross-env": "6.0.3",
        "cross-spawn": "7.0.3",
        "crypto-browserify": "3.12.0",
        "css.escape": "1.5.1",
        "cssnano-preset-default": "7.0.6",
        "data-uri-to-buffer": "3.0.1",
        "debug": "4.1.1",
        "devalue": "2.0.1",
        "domain-browser": "4.19.0",
        "edge-runtime": "4.0.1",
        "events": "3.3.0",
        "find-up": "4.1.0",
        "fresh": "0.5.2",
        "glob": "7.1.7",
        "gzip-size": "5.1.1",
        "http-proxy": "1.18.1",
        "http-proxy-agent": "5.0.0",
        "https-browserify": "1.0.0",
        "https-proxy-agent": "5.0.1",
        "icss-utils": "5.1.0",
        "ignore-loader": "0.1.2",
        "image-size": "1.2.1",
        "is-docker": "2.0.0",
        "is-wsl": "2.2.0",
        "jest-worker": "27.5.1",
        "json5": "2.2.3",
        "jsonwebtoken": "9.0.0",
        "loader-runner": "4.3.0",
        "loader-utils2": "npm:loader-utils@2.0.0",
        "loader-utils3": "npm:loader-utils@3.1.3",
        "lodash.curry": "4.1.1",
        "mini-css-extract-plugin": "2.4.4",
        "msw": "2.3.0",
        "nanoid": "3.1.32",
        "native-url": "0.3.4",
        "neo-async": "2.6.1",
        "node-html-parser": "5.3.3",
        "ora": "4.0.4",
        "os-browserify": "0.3.0",
        "p-limit": "3.1.0",
        "p-queue": "6.6.2",
        "path-browserify": "1.0.1",
        "path-to-regexp": "6.1.0",
        "picomatch": "4.0.1",
        "postcss-flexbugs-fixes": "5.0.2",
        "postcss-modules-extract-imports": "3.0.0",
        "postcss-modules-local-by-default": "4.2.0",
        "postcss-modules-scope": "3.0.0",
        "postcss-modules-values": "4.0.0",
        "postcss-preset-env": "7.4.3",
        "postcss-safe-parser": "6.0.0",
        "postcss-scss": "4.0.3",
        "postcss-value-parser": "4.2.0",
        "process": "0.11.10",
        "punycode": "2.1.1",
        "querystring-es3": "0.2.1",
        "raw-body": "2.4.1",
        "react-refresh": "0.12.0",
        "regenerator-runtime": "0.13.4",
        "sass-loader": "15.0.0",
        "schema-utils2": "npm:schema-utils@2.7.1",
        "schema-utils3": "npm:schema-utils@3.0.0",
        "semver": "7.3.2",
        "send": "0.17.1",
        "server-only": "0.0.1",
        "setimmediate": "1.0.5",
        "shell-quote": "1.7.3",
        "source-map": "0.6.1",
        "source-map-loader": "5.0.0",
        "source-map08": "npm:source-map@0.8.0-beta.0",
        "stacktrace-parser": "0.1.10",
        "storybook": "8.6.0",
        "stream-browserify": "3.0.0",
        "stream-http": "3.1.1",
        "strict-event-emitter": "0.5.0",
        "string_decoder": "1.3.0",
        "string-hash": "1.1.3",
        "strip-ansi": "6.0.0",
        "superstruct": "1.0.3",
        "tar": "6.1.15",
        "taskr": "1.1.0",
        "terser": "5.27.0",
        "terser-webpack-plugin": "5.3.9",
        "text-table": "0.2.0",
        "timers-browserify": "2.0.12",
        "tty-browserify": "0.0.1",
        "typescript": "5.8.2",
        "ua-parser-js": "1.0.35",
        "unistore": "3.4.1",
        "util": "0.12.4",
        "vm-browserify": "1.1.2",
        "watchpack": "2.4.0",
        "web-vitals": "4.2.1",
        "webpack": "5.98.0",
        "webpack-sources1": "npm:webpack-sources@1.4.3",
        "webpack-sources3": "npm:webpack-sources@3.2.3",
        "ws": "8.2.3",
        "zod": "3.22.3",
        "zod-validation-error": "3.4.0"
      },
      "engines": {
        "node": "^18.18.0 || ^19.8.0 || >= 20.0.0"
      },
      "optionalDependencies": {
        "@next/swc-darwin-arm64": "15.3.1",
        "@next/swc-darwin-x64": "15.3.1",
        "@next/swc-linux-arm64-gnu": "15.3.1",
        "@next/swc-linux-arm64-musl": "15.3.1",
        "@next/swc-linux-x64-gnu": "15.3.1",
        "@next/swc-linux-x64-musl": "15.3.1",
        "@next/swc-win32-arm64-msvc": "15.3.1",
        "@next/swc-win32-x64-msvc": "15.3.1",
        "sharp": "^0.34.1"
      },
      "peerDependencies": {
        "@opentelemetry/api": "^1.1.0",
        "@playwright/test": "^1.41.2",
        "babel-plugin-react-compiler": "*",
        "react": "^18.2.0 || 19.0.0-rc-de68d2f4-20241204 || ^19.0.0",
        "react-dom": "^18.2.0 || 19.0.0-rc-de68d2f4-20241204 || ^19.0.0",
        "sass": "^1.3.0"
      },
      "peerDependenciesMeta": {
        "@opentelemetry/api": {
          "optional": true
        },
        "@playwright/test": {
          "optional": true
        },
        "babel-plugin-react-compiler": {
          "optional": true
        },
        "sass": {
          "optional": true
        }
      }
    },
    "../../node_modules/.pnpm/postcss@8.5.3/node_modules/postcss": {
      "version": "8.5.3",
      "funding": [
        {
          "type": "opencollective",
          "url": "https://opencollective.com/postcss/"
        },
        {
          "type": "tidelift",
          "url": "https://tidelift.com/funding/github/npm/postcss"
        },
        {
          "type": "github",
          "url": "https://github.com/sponsors/ai"
        }
      ],
      "license": "MIT",
      "dependencies": {
        "nanoid": "^3.3.8",
        "picocolors": "^1.1.1",
        "source-map-js": "^1.2.1"
      },
      "engines": {
        "node": "^10 || ^12 || >=14"
      }
    },
    "../../node_modules/.pnpm/react-dom@19.1.0_react@19.1.0/node_modules/react-dom": {
      "version": "19.1.0",
      "license": "MIT",
      "dependencies": {
        "scheduler": "^0.26.0"
      },
      "peerDependencies": {
        "react": "^19.1.0"
      }
    },
    "../../node_modules/.pnpm/react@19.1.0/node_modules/react": {
      "version": "19.1.0",
      "license": "MIT",
      "engines": {
        "node": ">=0.10.0"
      }
    },
    "../../node_modules/.pnpm/tailwind-merge@3.2.0/node_modules/tailwind-merge": {
      "version": "3.2.0",
      "license": "MIT",
      "devDependencies": {
        "@babel/core": "^7.26.10",
        "@babel/preset-env": "^7.26.9",
        "@codspeed/vitest-plugin": "^4.0.1",
        "@rollup/plugin-babel": "^6.0.4",
        "@rollup/plugin-node-resolve": "^16.0.1",
        "@rollup/plugin-typescript": "^12.1.2",
        "@vitest/coverage-v8": "^3.1.1",
        "@vitest/eslint-plugin": "^1.1.38",
        "babel-plugin-annotate-pure-calls": "^0.5.0",
        "babel-plugin-polyfill-regenerator": "^0.6.4",
        "eslint": "^9.23.0",
        "eslint-plugin-import": "^2.31.0",
        "globby": "^11.1.0",
        "prettier": "^3.5.3",
        "rollup": "^4.38.0",
        "rollup-plugin-delete": "^3.0.1",
        "rollup-plugin-dts": "^6.2.1",
        "tslib": "^2.8.1",
        "typescript": "^5.8.2",
        "typescript-eslint": "^8.29.0",
        "vitest": "^3.1.1",
        "zx": "^8.4.1"
      },
      "funding": {
        "type": "github",
        "url": "https://github.com/sponsors/dcastil"
      }
    },
    "../../node_modules/.pnpm/tailwindcss@4.1.5/node_modules/tailwindcss": {
      "version": "4.1.5",
      "license": "MIT",
      "devDependencies": {
        "@tailwindcss/oxide": "^4.1.5",
        "@types/node": "^20.14.8",
        "dedent": "1.5.3",
        "lightningcss": "1.29.2"
      }
    },
    "../../node_modules/.pnpm/ts-node@10.9.2_@types+node@20.17.43_typescript@5.8.3/node_modules/ts-node": {
      "version": "10.9.2",
      "dev": true,
      "license": "MIT",
      "dependencies": {
        "@cspotcode/source-map-support": "^0.8.0",
        "@tsconfig/node10": "^1.0.7",
        "@tsconfig/node12": "^1.0.7",
        "@tsconfig/node14": "^1.0.0",
        "@tsconfig/node16": "^1.0.2",
        "acorn": "^8.4.1",
        "acorn-walk": "^8.1.1",
        "arg": "^4.1.0",
        "create-require": "^1.1.0",
        "diff": "^4.0.1",
        "make-error": "^1.1.1",
        "v8-compile-cache-lib": "^3.0.1",
        "yn": "3.1.1"
      },
      "bin": {
        "ts-node": "dist/bin.js",
        "ts-node-cwd": "dist/bin-cwd.js",
        "ts-node-esm": "dist/bin-esm.js",
        "ts-node-script": "dist/bin-script.js",
        "ts-node-transpile-only": "dist/bin-transpile.js",
        "ts-script": "dist/bin-script-deprecated.js"
      },
      "devDependencies": {
        "@microsoft/api-extractor": "^7.19.4",
        "@swc/core": "^1.3.100",
        "@swc/wasm": "^1.3.100",
        "@types/diff": "^4.0.2",
        "@types/lodash": "^4.14.151",
        "@types/node": "13.13.5",
        "@types/proper-lockfile": "^4.1.2",
        "@types/proxyquire": "^1.3.28",
        "@types/react": "^16.14.19",
        "@types/rimraf": "^3.0.0",
        "@types/semver": "^7.1.0",
        "@yarnpkg/fslib": "^2.4.0",
        "ava": "^3.15.0",
        "axios": "^0.21.1",
        "dprint": "^0.25.0",
        "expect": "^27.0.2",
        "get-stream": "^6.0.0",
        "lodash": "^4.17.15",
        "ntypescript": "^1.201507091536.1",
        "nyc": "^15.0.1",
        "outdent": "^0.8.0",
        "proper-lockfile": "^4.1.2",
        "proxyquire": "^2.0.0",
        "react": "^16.14.0",
        "rimraf": "^3.0.0",
        "semver": "^7.1.3",
        "throat": "^6.0.1",
        "typedoc": "^0.22.10",
        "typescript": "4.7.4",
        "typescript-json-schema": "^0.53.0",
        "util.promisify": "^1.0.1"
      },
      "peerDependencies": {
        "@swc/core": ">=1.2.50",
        "@swc/wasm": ">=1.2.50",
        "@types/node": "*",
        "typescript": ">=2.7"
      },
      "peerDependenciesMeta": {
        "@swc/core": {
          "optional": true
        },
        "@swc/wasm": {
          "optional": true
        }
      }
    },
    "../../node_modules/.pnpm/tw-animate-css@1.2.9/node_modules/tw-animate-css": {
      "version": "1.2.9",
      "dev": true,
      "license": "MIT",
      "devDependencies": {
        "@commitlint/cli": "^19.8.0",
        "@commitlint/config-conventional": "^19.8.0",
        "lint-staged": "^15.5.1",
        "prettier": "^3.5.3",
        "simple-git-hooks": "^2.13.0",
        "sort-package-json": "^3.1.0"
      },
      "funding": {
        "url": "https://github.com/sponsors/Wombosvideo"
      }
    },
    "../../node_modules/.pnpm/typescript@5.8.3/node_modules/typescript": {
      "version": "5.8.3",
      "dev": true,
      "license": "Apache-2.0",
      "bin": {
        "tsc": "bin/tsc",
        "tsserver": "bin/tsserver"
      },
      "devDependencies": {
        "@dprint/formatter": "^0.4.1",
        "@dprint/typescript": "0.93.3",
        "@esfx/canceltoken": "^1.0.0",
        "@eslint/js": "^9.17.0",
        "@octokit/rest": "^21.0.2",
        "@types/chai": "^4.3.20",
        "@types/diff": "^5.2.3",
        "@types/minimist": "^1.2.5",
        "@types/mocha": "^10.0.10",
        "@types/ms": "^0.7.34",
        "@types/node": "latest",
        "@types/source-map-support": "^0.5.10",
        "@types/which": "^3.0.4",
        "@typescript-eslint/rule-tester": "^8.18.1",
        "@typescript-eslint/type-utils": "^8.18.1",
        "@typescript-eslint/utils": "^8.18.1",
        "azure-devops-node-api": "^14.1.0",
        "c8": "^10.1.3",
        "chai": "^4.5.0",
        "chalk": "^4.1.2",
        "chokidar": "^3.6.0",
        "diff": "^5.2.0",
        "dprint": "^0.47.6",
        "esbuild": "^0.24.0",
        "eslint": "^9.17.0",
        "eslint-formatter-autolinkable-stylish": "^1.4.0",
        "eslint-plugin-regexp": "^2.7.0",
        "fast-xml-parser": "^4.5.1",
        "glob": "^10.4.5",
        "globals": "^15.13.0",
        "hereby": "^1.10.0",
        "jsonc-parser": "^3.3.1",
        "knip": "^5.41.0",
        "minimist": "^1.2.8",
        "mocha": "^10.8.2",
        "mocha-fivemat-progress-reporter": "^0.1.0",
        "monocart-coverage-reports": "^2.11.4",
        "ms": "^2.1.3",
        "playwright": "^1.49.1",
        "source-map-support": "^0.5.21",
        "tslib": "^2.8.1",
        "typescript": "^5.7.2",
        "typescript-eslint": "^8.18.1",
        "which": "^3.0.1"
      },
      "engines": {
        "node": ">=14.17"
      }
    },
    "../../node_modules/.pnpm/use-form-light@1.2.0_react-_d94caa904d39480fc009f11704f1972d/node_modules/use-form-light": {
      "version": "1.2.0",
      "license": "MIT",
      "devDependencies": {
        "@biomejs/biome": "^1.9.4",
        "@testing-library/jest-dom": "^6.6.3",
        "@testing-library/react": "^14.2.1",
        "@testing-library/user-event": "^14.6.1",
        "@types/jest": "^29.5.14",
        "@types/react": "^18.3.20",
        "@types/react-dom": "^18.3.6",
        "esbuild": "^0.25.2",
        "identity-obj-proxy": "^3.0.0",
        "jest": "^29.7.0",
        "jest-environment-jsdom": "^29.7.0",
        "ts-jest": "^29.3.1",
        "typescript": "^5.8.3"
      },
      "peerDependencies": {
        "react": "^16.8.0 || ^17 || ^18 || ^19",
        "react-dom": "^16.8.0 || ^17 || ^18 || ^19"
      }
    },
    "../../node_modules/.pnpm/vite-tsconfig-paths@5.1.4_t_54f4a5cbaba3a33555741ace8ee33d58/node_modules/vite-tsconfig-paths": {
      "version": "5.1.4",
      "dev": true,
      "license": "MIT",
      "dependencies": {
        "debug": "^4.1.1",
        "globrex": "^0.1.2",
        "tsconfck": "^3.0.3"
      },
      "devDependencies": {
        "@alloc/fast-rimraf": "^1.0.8",
        "@types/debug": "^4.1.5",
        "@types/globrex": "^0.1.0",
        "@types/node": "^22.2.0",
        "esbuild": "^0.11.12",
        "execa": "^9.5.1",
        "klona": "^2.0.4",
        "prettier": "^2.8.7",
        "rollup": "^2.45.2",
        "tsup": "^6.5.0",
        "typescript": "^5.7.2",
        "vite": "^6.0.2",
        "vite-tsconfig-paths": "link:.",
        "vitest": "^2.1.8"
      },
      "peerDependencies": {
        "vite": "*"
      },
      "peerDependenciesMeta": {
        "vite": {
          "optional": true
        }
      }
    },
    "../../node_modules/.pnpm/vitest@3.1.3_@types+node@20_02ca257f91616842ceb63c129ac4e92f/node_modules/vitest": {
      "version": "3.1.3",
      "dev": true,
      "license": "MIT",
      "dependencies": {
        "@vitest/expect": "3.1.3",
        "@vitest/mocker": "3.1.3",
        "@vitest/pretty-format": "^3.1.3",
        "@vitest/runner": "3.1.3",
        "@vitest/snapshot": "3.1.3",
        "@vitest/spy": "3.1.3",
        "@vitest/utils": "3.1.3",
        "chai": "^5.2.0",
        "debug": "^4.4.0",
        "expect-type": "^1.2.1",
        "magic-string": "^0.30.17",
        "pathe": "^2.0.3",
        "std-env": "^3.9.0",
        "tinybench": "^2.9.0",
        "tinyexec": "^0.3.2",
        "tinyglobby": "^0.2.13",
        "tinypool": "^1.0.2",
        "tinyrainbow": "^2.0.0",
        "vite": "^5.0.0 || ^6.0.0",
        "vite-node": "3.1.3",
        "why-is-node-running": "^2.3.0"
      },
      "bin": {
        "vitest": "vitest.mjs"
      },
      "devDependencies": {
        "@ampproject/remapping": "^2.3.0",
        "@antfu/install-pkg": "^1.0.0",
        "@edge-runtime/vm": "^5.0.0",
        "@sinonjs/fake-timers": "14.0.0",
        "@types/debug": "^4.1.12",
        "@types/estree": "^1.0.7",
        "@types/istanbul-lib-coverage": "^2.0.6",
        "@types/istanbul-reports": "^3.0.4",
        "@types/jsdom": "^21.1.7",
        "@types/micromatch": "^4.0.9",
        "@types/node": "^22.14.1",
        "@types/prompts": "^2.4.9",
        "@types/sinonjs__fake-timers": "^8.1.5",
        "acorn-walk": "^8.3.4",
        "birpc": "2.3.0",
        "cac": "^6.7.14",
        "chai-subset": "^1.6.0",
        "find-up": "^6.3.0",
        "flatted": "^3.3.3",
        "get-tsconfig": "^4.10.0",
        "happy-dom": "^17.4.4",
        "jsdom": "^26.1.0",
        "local-pkg": "^1.1.1",
        "micromatch": "^4.0.8",
        "pretty-format": "^29.7.0",
        "prompts": "^2.4.2",
        "strip-literal": "^3.0.0",
        "ws": "^8.18.1"
      },
      "engines": {
        "node": "^18.0.0 || ^20.0.0 || >=22.0.0"
      },
      "funding": {
        "url": "https://opencollective.com/vitest"
      },
      "peerDependencies": {
        "@edge-runtime/vm": "*",
        "@types/debug": "^4.1.12",
        "@types/node": "^18.0.0 || ^20.0.0 || >=22.0.0",
        "@vitest/browser": "3.1.3",
        "@vitest/ui": "3.1.3",
        "happy-dom": "*",
        "jsdom": "*"
      },
      "peerDependenciesMeta": {
        "@edge-runtime/vm": {
          "optional": true
        },
        "@types/debug": {
          "optional": true
        },
        "@types/node": {
          "optional": true
        },
        "@vitest/browser": {
          "optional": true
        },
        "@vitest/ui": {
          "optional": true
        },
        "happy-dom": {
          "optional": true
        },
        "jsdom": {
          "optional": true
        }
      }
    },
    "../../node_modules/.pnpm/zustand@5.0.4_@types+react@19.1.3_react@19.1.0/node_modules/zustand": {
      "version": "5.0.4",
      "license": "MIT",
      "engines": {
        "node": ">=12.20.0"
      },
      "peerDependencies": {
        "@types/react": ">=18.0.0",
        "immer": ">=9.0.6",
        "react": ">=18.0.0",
        "use-sync-external-store": ">=1.2.0"
      },
      "peerDependenciesMeta": {
        "@types/react": {
          "optional": true
        },
        "immer": {
          "optional": true
        },
        "react": {
          "optional": true
        },
        "use-sync-external-store": {
          "optional": true
        }
      }
    },
    "node_modules/@radix-ui/react-slot": {
      "resolved": "../../node_modules/.pnpm/@radix-ui+react-slot@1.2.2_@types+react@19.1.3_react@19.1.0/node_modules/@radix-ui/react-slot",
      "link": true
    },
    "node_modules/@tailwindcss/postcss": {
      "resolved": "../../node_modules/.pnpm/@tailwindcss+postcss@4.1.5/node_modules/@tailwindcss/postcss",
      "link": true
    },
    "node_modules/@testing-library/dom": {
      "resolved": "../../node_modules/.pnpm/@testing-library+dom@10.4.0/node_modules/@testing-library/dom",
      "link": true
    },
    "node_modules/@testing-library/react": {
      "resolved": "../../node_modules/.pnpm/@testing-library+react@16.3_a5db6ee88d42d87fe6a93bfd7900cad7/node_modules/@testing-library/react",
      "link": true
    },
    "node_modules/@types/node": {
      "resolved": "../../node_modules/.pnpm/@types+node@20.17.43/node_modules/@types/node",
      "link": true
    },
    "node_modules/@types/react": {
      "resolved": "../../node_modules/.pnpm/@types+react@19.1.3/node_modules/@types/react",
      "link": true
    },
    "node_modules/@types/react-dom": {
      "resolved": "../../node_modules/.pnpm/@types+react-dom@19.1.3_@types+react@19.1.3/node_modules/@types/react-dom",
      "link": true
    },
    "node_modules/@types/webpack-env": {
      "resolved": "../../node_modules/.pnpm/@types+webpack-env@1.18.8/node_modules/@types/webpack-env",
      "link": true
    },
    "node_modules/@vitejs/plugin-react": {
      "resolved": "../../node_modules/.pnpm/@vitejs+plugin-react@4.4.1__c5c11f50a9d432d5c418e99ebce18c8e/node_modules/@vitejs/plugin-react",
      "link": true
    },
    "node_modules/@vitest/coverage-v8": {
      "resolved": "../../node_modules/.pnpm/@vitest+coverage-v8@3.1.3_v_6b9f177e42ece04a7afa5373074c49bd/node_modules/@vitest/coverage-v8",
      "link": true
    },
    "node_modules/class-variance-authority": {
      "resolved": "../../node_modules/.pnpm/class-variance-authority@0.7.1/node_modules/class-variance-authority",
      "link": true
    },
    "node_modules/clsx": {
      "resolved": "../../node_modules/.pnpm/clsx@2.1.1/node_modules/clsx",
      "link": true
    },
    "node_modules/jsdom": {
      "resolved": "../../node_modules/.pnpm/jsdom@26.1.0/node_modules/jsdom",
      "link": true
    },
    "node_modules/ky": {
      "resolved": "../../node_modules/.pnpm/ky@1.8.1/node_modules/ky",
      "link": true
    },
    "node_modules/lucide-react": {
      "resolved": "../../node_modules/.pnpm/lucide-react@0.508.0_react@19.1.0/node_modules/lucide-react",
      "link": true
    },
    "node_modules/msw": {
      "resolved": "../../node_modules/.pnpm/msw@2.7.6_@types+node@20.17.43_typescript@5.8.3/node_modules/msw",
      "link": true
    },
    "node_modules/next": {
      "resolved": "../../node_modules/.pnpm/next@15.3.1_@babel+core@7.2_fa10c63f8c3959e67583cacd37f87556/node_modules/next",
      "link": true
    },
    "node_modules/o2o-owner": {
      "resolved": "",
      "link": true
    },
    "node_modules/postcss": {
      "resolved": "../../node_modules/.pnpm/postcss@8.5.3/node_modules/postcss",
      "link": true
    },
    "node_modules/react": {
      "resolved": "../../node_modules/.pnpm/react@19.1.0/node_modules/react",
      "link": true
    },
    "node_modules/react-dom": {
      "resolved": "../../node_modules/.pnpm/react-dom@19.1.0_react@19.1.0/node_modules/react-dom",
      "link": true
    },
    "node_modules/tailwind-merge": {
      "resolved": "../../node_modules/.pnpm/tailwind-merge@3.2.0/node_modules/tailwind-merge",
      "link": true
    },
    "node_modules/tailwindcss": {
      "resolved": "../../node_modules/.pnpm/tailwindcss@4.1.5/node_modules/tailwindcss",
      "link": true
    },
    "node_modules/ts-node": {
      "resolved": "../../node_modules/.pnpm/ts-node@10.9.2_@types+node@20.17.43_typescript@5.8.3/node_modules/ts-node",
      "link": true
    },
    "node_modules/tw-animate-css": {
      "resolved": "../../node_modules/.pnpm/tw-animate-css@1.2.9/node_modules/tw-animate-css",
      "link": true
    },
    "node_modules/typescript": {
      "resolved": "../../node_modules/.pnpm/typescript@5.8.3/node_modules/typescript",
      "link": true
    },
    "node_modules/use-form-light": {
      "resolved": "../../node_modules/.pnpm/use-form-light@1.2.0_react-_d94caa904d39480fc009f11704f1972d/node_modules/use-form-light",
      "link": true
    },
    "node_modules/vite-tsconfig-paths": {
      "resolved": "../../node_modules/.pnpm/vite-tsconfig-paths@5.1.4_t_54f4a5cbaba3a33555741ace8ee33d58/node_modules/vite-tsconfig-paths",
      "link": true
    },
    "node_modules/vitest": {
      "resolved": "../../node_modules/.pnpm/vitest@3.1.3_@types+node@20_02ca257f91616842ceb63c129ac4e92f/node_modules/vitest",
      "link": true
    },
    "node_modules/zustand": {
      "resolved": "../../node_modules/.pnpm/zustand@5.0.4_@types+react@19.1.3_react@19.1.0/node_modules/zustand",
      "link": true
    }
  }
}
